
Microsoft Visual Studio Solution File, Format Version 12.00
# Visual Studio 2012
Project("{FAE04EC0-301F-11D3-BF4B-00C04F79EFBC}") = "RestService", "RestService\RestService.csproj", "{CBC23EB9-BD21-4585-A3AE-A259FBB51BF8}"
EndProject
Project("{FAE04EC0-301F-11D3-BF4B-00C04F79EFBC}") = "RFCWEBSAP", "..\RFCWEBSAP\RFCWEBSAP\RFCWEBSAP.csproj", "{AFBD5F0F-0EF0-43C5-811F-D96ACEA057D7}"
EndProject
Project("{FAE04EC0-301F-11D3-BF4B-00C04F79EFBC}") = "WEBSUMA", "WEBSUMA\WEBSUMA.csproj", "{52358516-809D-44A5-AEF6-B5B89662785C}"
EndProject
Global
	GlobalSection(SolutionConfigurationPlatforms) = preSolution
		Debug|Any CPU = Debug|Any CPU
		Release|Any CPU = Release|Any CPU
	EndGlobalSection
	GlobalSection(ProjectConfigurationPlatforms) = postSolution
		{CBC23EB9-BD21-4585-A3AE-A259FBB51BF8}.Debug|Any CPU.ActiveCfg = Debug|Any CPU
		{CBC23EB9-BD21-4585-A3AE-A259FBB51BF8}.Debug|Any CPU.Build.0 = Debug|Any CPU
		{CBC23EB9-BD21-4585-A3AE-A259FBB51BF8}.Release|Any CPU.ActiveCfg = Release|Any CPU
		{CBC23EB9-BD21-4585-A3AE-A259FBB51BF8}.Release|Any CPU.Build.0 = Release|Any CPU
		{AFBD5F0F-0EF0-43C5-811F-D96ACEA057D7}.Debug|Any CPU.ActiveCfg = Debug|Any CPU
		{AFBD5F0F-0EF0-43C5-811F-D96ACEA057D7}.Debug|Any CPU.Build.0 = Debug|Any CPU
		{AFBD5F0F-0EF0-43C5-811F-D96ACEA057D7}.Release|Any CPU.ActiveCfg = Release|Any CPU
		{AFBD5F0F-0EF0-43C5-811F-D96ACEA057D7}.Release|Any CPU.Build.0 = Release|Any CPU
		{52358516-809D-44A5-AEF6-B5B89662785C}.Debug|Any CPU.ActiveCfg = Debug|Any CPU
		{52358516-809D-44A5-AEF6-B5B89662785C}.Debug|Any CPU.Build.0 = Debug|Any CPU
		{52358516-809D-44A5-AEF6-B5B89662785C}.Release|Any CPU.ActiveCfg = Release|Any CPU
		{52358516-809D-44A5-AEF6-B5B89662785C}.Release|Any CPU.Build.0 = Release|Any CPU
	EndGlobalSection
	GlobalSection(SolutionProperties) = preSolution
		HideSolutionNode = FALSE
	EndGlobalSection
EndGlobal
